
Microsoft Visual Studio Solution File, Format Version 12.00
# Visual Studio Version 17
VisualStudioVersion = 17.8.34316.72
MinimumVisualStudioVersion = 10.0.40219.1
Project("{9A19103F-16F7-4668-BE54-9A1E7A4F7556}") = "BlazorLoggingSeriLog", "BlazorLoggingSerilog\BlazorLoggingSeriLog.csproj", "{CE875F7E-77EE-4C5F-938F-FC320E75701C}"
EndProject
Global
	GlobalSection(SolutionConfigurationPlatforms) = preSolution
		Debug|Any CPU = Debug|Any CPU
		Release|Any CPU = Release|Any CPU
	EndGlobalSection
	GlobalSection(ProjectConfigurationPlatforms) = postSolution
		{CE875F7E-77EE-4C5F-938F-FC320E75701C}.Debug|Any CPU.ActiveCfg = Debug|Any CPU
		{CE875F7E-77EE-4C5F-938F-FC320E75701C}.Debug|Any CPU.Build.0 = Debug|Any CPU
		{CE875F7E-77EE-4C5F-938F-FC320E75701C}.Release|Any CPU.ActiveCfg = Release|Any CPU
		{CE875F7E-77EE-4C5F-938F-FC320E75701C}.Release|Any CPU.Build.0 = Release|Any CPU
	EndGlobalSection
	GlobalSection(SolutionProperties) = preSolution
		HideSolutionNode = FALSE
	EndGlobalSection
	GlobalSection(ExtensibilityGlobals) = postSolution
		SolutionGuid = {11E0D9BE-EB65-4BFA-91F9-381691FD8921}
	EndGlobalSection
EndGlobal
